
Microsoft Visual Studio Solution File, Format Version 12.00
# Visual Studio 15
VisualStudioVersion = 15.0.28307.136
MinimumVisualStudioVersion = 10.0.40219.1
Project("{FAE04EC0-301F-11D3-BF4B-00C04F79EFBC}") = "SocialNetworkGruppe8", "SocialNetworkGruppe8\SocialNetworkGruppe8.csproj", "{298A8651-195F-4F16-81B9-3D92D094C65A}"
EndProject
Global
	GlobalSection(SolutionConfigurationPlatforms) = preSolution
		Debug|Any CPU = Debug|Any CPU
		Release|Any CPU = Release|Any CPU
	EndGlobalSection
	GlobalSection(ProjectConfigurationPlatforms) = postSolution
		{298A8651-195F-4F16-81B9-3D92D094C65A}.Debug|Any CPU.ActiveCfg = Debug|Any CPU
		{298A8651-195F-4F16-81B9-3D92D094C65A}.Debug|Any CPU.Build.0 = Debug|Any CPU
		{298A8651-195F-4F16-81B9-3D92D094C65A}.Release|Any CPU.ActiveCfg = Release|Any CPU
		{298A8651-195F-4F16-81B9-3D92D094C65A}.Release|Any CPU.Build.0 = Release|Any CPU
	EndGlobalSection
	GlobalSection(SolutionProperties) = preSolution
		HideSolutionNode = FALSE
	EndGlobalSection
	GlobalSection(ExtensibilityGlobals) = postSolution
		SolutionGuid = {83A3FB16-F1D3-4A93-8D8B-34DBB31E7455}
	EndGlobalSection
EndGlobal
